
Microsoft Visual Studio Solution File, Format Version 12.00
# Visual Studio Version 17
VisualStudioVersion = 17.14.36623.8 d17.14
MinimumVisualStudioVersion = 10.0.40219.1
Project("{FAE04EC0-301F-11D3-BF4B-00C04F79EFBC}") = "ConsoleApp", "ConsoleApp\ConsoleApp.csproj", "{29DDE772-C557-4F71-8F71-5E3024ADD591}"
EndProject
Global
	GlobalSection(SolutionConfigurationPlatforms) = preSolution
		Debug|Any CPU = Debug|Any CPU
		Release|Any CPU = Release|Any CPU
	EndGlobalSection
	GlobalSection(ProjectConfigurationPlatforms) = postSolution
		{29DDE772-C557-4F71-8F71-5E3024ADD591}.Debug|Any CPU.ActiveCfg = Debug|Any CPU
		{29DDE772-C557-4F71-8F71-5E3024ADD591}.Debug|Any CPU.Build.0 = Debug|Any CPU
		{29DDE772-C557-4F71-8F71-5E3024ADD591}.Release|Any CPU.ActiveCfg = Release|Any CPU
		{29DDE772-C557-4F71-8F71-5E3024ADD591}.Release|Any CPU.Build.0 = Release|Any CPU
	EndGlobalSection
	GlobalSection(SolutionProperties) = preSolution
		HideSolutionNode = FALSE
	EndGlobalSection
	GlobalSection(ExtensibilityGlobals) = postSolution
		SolutionGuid = {126D65E6-E179-42A5-A8D0-BD957A3B605C}
	EndGlobalSection
EndGlobal
